
Microsoft Visual Studio Solution File, Format Version 12.00
# Visual Studio Version 16
VisualStudioVersion = 16.0.31410.357
MinimumVisualStudioVersion = 10.0.40219.1
Project("{8BC9CEB8-8B4A-11D0-8D11-00A0C91BC942}") = "GiaiThuatAStar", "GiaiThuatAStar.vcxproj", "{965D5EB4-A8B2-49DF-87F4-97ED5AD88685}"
EndProject
Global
	GlobalSection(SolutionConfigurationPlatforms) = preSolution
		Debug|x64 = Debug|x64
		Debug|x86 = Debug|x86
		Release|x64 = Release|x64
		Release|x86 = Release|x86
	EndGlobalSection
	GlobalSection(ProjectConfigurationPlatforms) = postSolution
		{965D5EB4-A8B2-49DF-87F4-97ED5AD88685}.Debug|x64.ActiveCfg = Debug|x64
		{965D5EB4-A8B2-49DF-87F4-97ED5AD88685}.Debug|x64.Build.0 = Debug|x64
		{965D5EB4-A8B2-49DF-87F4-97ED5AD88685}.Debug|x86.ActiveCfg = Debug|Win32
		{965D5EB4-A8B2-49DF-87F4-97ED5AD88685}.Debug|x86.Build.0 = Debug|Win32
		{965D5EB4-A8B2-49DF-87F4-97ED5AD88685}.Release|x64.ActiveCfg = Release|x64
		{965D5EB4-A8B2-49DF-87F4-97ED5AD88685}.Release|x64.Build.0 = Release|x64
		{965D5EB4-A8B2-49DF-87F4-97ED5AD88685}.Release|x86.ActiveCfg = Release|Win32
		{965D5EB4-A8B2-49DF-87F4-97ED5AD88685}.Release|x86.Build.0 = Release|Win32
	EndGlobalSection
	GlobalSection(SolutionProperties) = preSolution
		HideSolutionNode = FALSE
	EndGlobalSection
	GlobalSection(ExtensibilityGlobals) = postSolution
		SolutionGuid = {286492B2-68D7-4303-918E-3E78FE1C0BF8}
	EndGlobalSection
EndGlobal
